
Microsoft Visual Studio Solution File, Format Version 12.00
# Visual Studio 15
VisualStudioVersion = 15.0.28307.902
MinimumVisualStudioVersion = 10.0.40219.1
Project("{FAE04EC0-301F-11D3-BF4B-00C04F79EFBC}") = "EarablesKIT.Android", "EarablesKIT\EarablesKIT.Android\EarablesKIT.Android.csproj", "{24CE3C36-16B9-426D-AA0C-5961ECF8D88C}"
EndProject
Project("{FAE04EC0-301F-11D3-BF4B-00C04F79EFBC}") = "EarablesKIT.iOS", "EarablesKIT\EarablesKIT.iOS\EarablesKIT.iOS.csproj", "{77A1156B-A7DE-4D1A-9075-451EC2E32204}"
EndProject
Project("{FAE04EC0-301F-11D3-BF4B-00C04F79EFBC}") = "EarablesKIT.UWP", "EarablesKIT\EarablesKIT.UWP\EarablesKIT.UWP.csproj", "{CE9F28AD-4581-473E-A69E-F8AF98A952CD}"
EndProject
Project("{FAE04EC0-301F-11D3-BF4B-00C04F79EFBC}") = "EarablesKIT", "EarablesKIT\EarablesKIT\EarablesKIT.csproj", "{3D91DEE4-E98B-4313-8BF9-8DF0D07C0C9D}"
EndProject
Global
	GlobalSection(SolutionConfigurationPlatforms) = preSolution
		Debug|Any CPU = Debug|Any CPU
		Debug|ARM = Debug|ARM
		Debug|iPhone = Debug|iPhone
		Debug|iPhoneSimulator = Debug|iPhoneSimulator
		Debug|x64 = Debug|x64
		Debug|x86 = Debug|x86
		Release|Any CPU = Release|Any CPU
		Release|ARM = Release|ARM
		Release|iPhone = Release|iPhone
		Release|iPhoneSimulator = Release|iPhoneSimulator
		Release|x64 = Release|x64
		Release|x86 = Release|x86
	EndGlobalSection
	GlobalSection(ProjectConfigurationPlatforms) = postSolution
		{24CE3C36-16B9-426D-AA0C-5961ECF8D88C}.Debug|Any CPU.ActiveCfg = Debug|Any CPU
		{24CE3C36-16B9-426D-AA0C-5961ECF8D88C}.Debug|Any CPU.Build.0 = Debug|Any CPU
		{24CE3C36-16B9-426D-AA0C-5961ECF8D88C}.Debug|Any CPU.Deploy.0 = Debug|Any CPU
		{24CE3C36-16B9-426D-AA0C-5961ECF8D88C}.Debug|ARM.ActiveCfg = Debug|Any CPU
		{24CE3C36-16B9-426D-AA0C-5961ECF8D88C}.Debug|ARM.Build.0 = Debug|Any CPU
		{24CE3C36-16B9-426D-AA0C-5961ECF8D88C}.Debug|ARM.Deploy.0 = Debug|Any CPU
		{24CE3C36-16B9-426D-AA0C-5961ECF8D88C}.Debug|iPhone.ActiveCfg = Debug|Any CPU
		{24CE3C36-16B9-426D-AA0C-5961ECF8D88C}.Debug|iPhone.Build.0 = Debug|Any CPU
		{24CE3C36-16B9-426D-AA0C-5961ECF8D88C}.Debug|iPhone.Deploy.0 = Debug|Any CPU
		{24CE3C36-16B9-426D-AA0C-5961ECF8D88C}.Debug|iPhoneSimulator.ActiveCfg = Debug|Any CPU
		{24CE3C36-16B9-426D-AA0C-5961ECF8D88C}.Debug|iPhoneSimulator.Build.0 = Debug|Any CPU
		{24CE3C36-16B9-426D-AA0C-5961ECF8D88C}.Debug|iPhoneSimulator.Deploy.0 = Debug|Any CPU
		{24CE3C36-16B9-426D-AA0C-5961ECF8D88C}.Debug|x64.ActiveCfg = Debug|Any CPU
		{24CE3C36-16B9-426D-AA0C-5961ECF8D88C}.Debug|x64.Build.0 = Debug|Any CPU
		{24CE3C36-16B9-426D-AA0C-5961ECF8D88C}.Debug|x64.Deploy.0 = Debug|Any CPU
		{24CE3C36-16B9-426D-AA0C-5961ECF8D88C}.Debug|x86.ActiveCfg = Debug|Any CPU
		{24CE3C36-16B9-426D-AA0C-5961ECF8D88C}.Debug|x86.Build.0 = Debug|Any CPU
		{24CE3C36-16B9-426D-AA0C-5961ECF8D88C}.Debug|x86.Deploy.0 = Debug|Any CPU
		{24CE3C36-16B9-426D-AA0C-5961ECF8D88C}.Release|Any CPU.ActiveCfg = Release|Any CPU
		{24CE3C36-16B9-426D-AA0C-5961ECF8D88C}.Release|Any CPU.Build.0 = Release|Any CPU
		{24CE3C36-16B9-426D-AA0C-5961ECF8D88C}.Release|Any CPU.Deploy.0 = Release|Any CPU
		{24CE3C36-16B9-426D-AA0C-5961ECF8D88C}.Release|ARM.ActiveCfg = Release|Any CPU
		{24CE3C36-16B9-426D-AA0C-5961ECF8D88C}.Release|ARM.Build.0 = Release|Any CPU
		{24CE3C36-16B9-426D-AA0C-5961ECF8D88C}.Release|ARM.Deploy.0 = Release|Any CPU
		{24CE3C36-16B9-426D-AA0C-5961ECF8D88C}.Release|iPhone.ActiveCfg = Release|Any CPU
		{24CE3C36-16B9-426D-AA0C-5961ECF8D88C}.Release|iPhone.Build.0 = Release|Any CPU
		{24CE3C36-16B9-426D-AA0C-5961ECF8D88C}.Release|iPhone.Deploy.0 = Release|Any CPU
		{24CE3C36-16B9-426D-AA0C-5961ECF8D88C}.Release|iPhoneSimulator.ActiveCfg = Release|Any CPU
		{24CE3C36-16B9-426D-AA0C-5961ECF8D88C}.Release|iPhoneSimulator.Build.0 = Release|Any CPU
		{24CE3C36-16B9-426D-AA0C-5961ECF8D88C}.Release|iPhoneSimulator.Deploy.0 = Release|Any CPU
		{24CE3C36-16B9-426D-AA0C-5961ECF8D88C}.Release|x64.ActiveCfg = Release|Any CPU
		{24CE3C36-16B9-426D-AA0C-5961ECF8D88C}.Release|x64.Build.0 = Release|Any CPU
		{24CE3C36-16B9-426D-AA0C-5961ECF8D88C}.Release|x64.Deploy.0 = Release|Any CPU
		{24CE3C36-16B9-426D-AA0C-5961ECF8D88C}.Release|x86.ActiveCfg = Release|Any CPU
		{24CE3C36-16B9-426D-AA0C-5961ECF8D88C}.Release|x86.Build.0 = Release|Any CPU
		{24CE3C36-16B9-426D-AA0C-5961ECF8D88C}.Release|x86.Deploy.0 = Release|Any CPU
		{77A1156B-A7DE-4D1A-9075-451EC2E32204}.Debug|Any CPU.ActiveCfg = Debug|iPhoneSimulator
		{77A1156B-A7DE-4D1A-9075-451EC2E32204}.Debug|Any CPU.Build.0 = Debug|iPhoneSimulator
		{77A1156B-A7DE-4D1A-9075-451EC2E32204}.Debug|Any CPU.Deploy.0 = Debug|iPhoneSimulator
		{77A1156B-A7DE-4D1A-9075-451EC2E32204}.Debug|ARM.ActiveCfg = Debug|iPhone
		{77A1156B-A7DE-4D1A-9075-451EC2E32204}.Debug|ARM.Build.0 = Debug|iPhone
		{77A1156B-A7DE-4D1A-9075-451EC2E32204}.Debug|ARM.Deploy.0 = Debug|iPhone
		{77A1156B-A7DE-4D1A-9075-451EC2E32204}.Debug|iPhone.ActiveCfg = Debug|iPhone
		{77A1156B-A7DE-4D1A-9075-451EC2E32204}.Debug|iPhone.Build.0 = Debug|iPhone
		{77A1156B-A7DE-4D1A-9075-451EC2E32204}.Debug|iPhone.Deploy.0 = Debug|iPhone
		{77A1156B-A7DE-4D1A-9075-451EC2E32204}.Debug|iPhoneSimulator.ActiveCfg = Debug|iPhoneSimulator
		{77A1156B-A7DE-4D1A-9075-451EC2E32204}.Debug|iPhoneSimulator.Build.0 = Debug|iPhoneSimulator
		{77A1156B-A7DE-4D1A-9075-451EC2E32204}.Debug|iPhoneSimulator.Deploy.0 = Debug|iPhoneSimulator
		{77A1156B-A7DE-4D1A-9075-451EC2E32204}.Debug|x64.ActiveCfg = Debug|iPhone
		{77A1156B-A7DE-4D1A-9075-451EC2E32204}.Debug|x64.Build.0 = Debug|iPhone
		{77A1156B-A7DE-4D1A-9075-451EC2E32204}.Debug|x64.Deploy.0 = Debug|iPhone
		{77A1156B-A7DE-4D1A-9075-451EC2E32204}.Debug|x86.ActiveCfg = Debug|iPhone
		{77A1156B-A7DE-4D1A-9075-451EC2E32204}.Debug|x86.Build.0 = Debug|iPhone
		{77A1156B-A7DE-4D1A-9075-451EC2E32204}.Debug|x86.Deploy.0 = Debug|iPhone
		{77A1156B-A7DE-4D1A-9075-451EC2E32204}.Release|Any CPU.ActiveCfg = Release|iPhone
		{77A1156B-A7DE-4D1A-9075-451EC2E32204}.Release|Any CPU.Build.0 = Release|iPhone
		{77A1156B-A7DE-4D1A-9075-451EC2E32204}.Release|Any CPU.Deploy.0 = Release|iPhone
		{77A1156B-A7DE-4D1A-9075-451EC2E32204}.Release|ARM.ActiveCfg = Release|iPhone
		{77A1156B-A7DE-4D1A-9075-451EC2E32204}.Release|ARM.Build.0 = Release|iPhone
		{77A1156B-A7DE-4D1A-9075-451EC2E32204}.Release|ARM.Deploy.0 = Release|iPhone
		{77A1156B-A7DE-4D1A-9075-451EC2E32204}.Release|iPhone.ActiveCfg = Release|iPhone
		{77A1156B-A7DE-4D1A-9075-451EC2E32204}.Release|iPhone.Build.0 = Release|iPhone
		{77A1156B-A7DE-4D1A-9075-451EC2E32204}.Release|iPhone.Deploy.0 = Release|iPhone
		{77A1156B-A7DE-4D1A-9075-451EC2E32204}.Release|iPhoneSimulator.ActiveCfg = Release|iPhoneSimulator
		{77A1156B-A7DE-4D1A-9075-451EC2E32204}.Release|iPhoneSimulator.Build.0 = Release|iPhoneSimulator
		{77A1156B-A7DE-4D1A-9075-451EC2E32204}.Release|iPhoneSimulator.Deploy.0 = Release|iPhoneSimulator
		{77A1156B-A7DE-4D1A-9075-451EC2E32204}.Release|x64.ActiveCfg = Release|iPhone
		{77A1156B-A7DE-4D1A-9075-451EC2E32204}.Release|x64.Build.0 = Release|iPhone
		{77A1156B-A7DE-4D1A-9075-451EC2E32204}.Release|x64.Deploy.0 = Release|iPhone
		{77A1156B-A7DE-4D1A-9075-451EC2E32204}.Release|x86.ActiveCfg = Release|iPhone
		{77A1156B-A7DE-4D1A-9075-451EC2E32204}.Release|x86.Build.0 = Release|iPhone
		{77A1156B-A7DE-4D1A-9075-451EC2E32204}.Release|x86.Deploy.0 = Release|iPhone
		{CE9F28AD-4581-473E-A69E-F8AF98A952CD}.Debug|Any CPU.ActiveCfg = Debug|x86
		{CE9F28AD-4581-473E-A69E-F8AF98A952CD}.Debug|Any CPU.Build.0 = Debug|x86
		{CE9F28AD-4581-473E-A69E-F8AF98A952CD}.Debug|Any CPU.Deploy.0 = Debug|x86
		{CE9F28AD-4581-473E-A69E-F8AF98A952CD}.Debug|ARM.ActiveCfg = Debug|ARM
		{CE9F28AD-4581-473E-A69E-F8AF98A952CD}.Debug|ARM.Build.0 = Debug|ARM
		{CE9F28AD-4581-473E-A69E-F8AF98A952CD}.Debug|ARM.Deploy.0 = Debug|ARM
		{CE9F28AD-4581-473E-A69E-F8AF98A952CD}.Debug|iPhone.ActiveCfg = Debug|x86
		{CE9F28AD-4581-473E-A69E-F8AF98A952CD}.Debug|iPhone.Build.0 = Debug|x86
		{CE9F28AD-4581-473E-A69E-F8AF98A952CD}.Debug|iPhone.Deploy.0 = Debug|x86
		{CE9F28AD-4581-473E-A69E-F8AF98A952CD}.Debug|iPhoneSimulator.ActiveCfg = Debug|x86
		{CE9F28AD-4581-473E-A69E-F8AF98A952CD}.Debug|iPhoneSimulator.Build.0 = Debug|x86
		{CE9F28AD-4581-473E-A69E-F8AF98A952CD}.Debug|iPhoneSimulator.Deploy.0 = Debug|x86
		{CE9F28AD-4581-473E-A69E-F8AF98A952CD}.Debug|x64.ActiveCfg = Debug|x64
		{CE9F28AD-4581-473E-A69E-F8AF98A952CD}.Debug|x64.Build.0 = Debug|x64
		{CE9F28AD-4581-473E-A69E-F8AF98A952CD}.Debug|x64.Deploy.0 = Debug|x64
		{CE9F28AD-4581-473E-A69E-F8AF98A952CD}.Debug|x86.ActiveCfg = Debug|x86
		{CE9F28AD-4581-473E-A69E-F8AF98A952CD}.Debug|x86.Build.0 = Debug|x86
		{CE9F28AD-4581-473E-A69E-F8AF98A952CD}.Debug|x86.Deploy.0 = Debug|x86
		{CE9F28AD-4581-473E-A69E-F8AF98A952CD}.Release|Any CPU.ActiveCfg = Release|x86
		{CE9F28AD-4581-473E-A69E-F8AF98A952CD}.Release|Any CPU.Build.0 = Release|x86
		{CE9F28AD-4581-473E-A69E-F8AF98A952CD}.Release|Any CPU.Deploy.0 = Release|x86
		{CE9F28AD-4581-473E-A69E-F8AF98A952CD}.Release|ARM.ActiveCfg = Release|ARM
		{CE9F28AD-4581-473E-A69E-F8AF98A952CD}.Release|ARM.Build.0 = Release|ARM
		{CE9F28AD-4581-473E-A69E-F8AF98A952CD}.Release|ARM.Deploy.0 = Release|ARM
		{CE9F28AD-4581-473E-A69E-F8AF98A952CD}.Release|iPhone.ActiveCfg = Release|x86
		{CE9F28AD-4581-473E-A69E-F8AF98A952CD}.Release|iPhone.Build.0 = Release|x86
		{CE9F28AD-4581-473E-A69E-F8AF98A952CD}.Release|iPhone.Deploy.0 = Release|x86
		{CE9F28AD-4581-473E-A69E-F8AF98A952CD}.Release|iPhoneSimulator.ActiveCfg = Release|x86
		{CE9F28AD-4581-473E-A69E-F8AF98A952CD}.Release|iPhoneSimulator.Build.0 = Release|x86
		{CE9F28AD-4581-473E-A69E-F8AF98A952CD}.Release|iPhoneSimulator.Deploy.0 = Release|x86
		{CE9F28AD-4581-473E-A69E-F8AF98A952CD}.Release|x64.ActiveCfg = Release|x64
		{CE9F28AD-4581-473E-A69E-F8AF98A952CD}.Release|x64.Build.0 = Release|x64
		{CE9F28AD-4581-473E-A69E-F8AF98A952CD}.Release|x64.Deploy.0 = Release|x64
		{CE9F28AD-4581-473E-A69E-F8AF98A952CD}.Release|x86.ActiveCfg = Release|x86
		{CE9F28AD-4581-473E-A69E-F8AF98A952CD}.Release|x86.Build.0 = Release|x86
		{CE9F28AD-4581-473E-A69E-F8AF98A952CD}.Release|x86.Deploy.0 = Release|x86
		{3D91DEE4-E98B-4313-8BF9-8DF0D07C0C9D}.Debug|Any CPU.ActiveCfg = Debug|Any CPU
		{3D91DEE4-E98B-4313-8BF9-8DF0D07C0C9D}.Debug|Any CPU.Build.0 = Debug|Any CPU
		{3D91DEE4-E98B-4313-8BF9-8DF0D07C0C9D}.Debug|Any CPU.Deploy.0 = Debug|Any CPU
		{3D91DEE4-E98B-4313-8BF9-8DF0D07C0C9D}.Debug|ARM.ActiveCfg = Debug|Any CPU
		{3D91DEE4-E98B-4313-8BF9-8DF0D07C0C9D}.Debug|ARM.Build.0 = Debug|Any CPU
		{3D91DEE4-E98B-4313-8BF9-8DF0D07C0C9D}.Debug|ARM.Deploy.0 = Debug|Any CPU
		{3D91DEE4-E98B-4313-8BF9-8DF0D07C0C9D}.Debug|iPhone.ActiveCfg = Debug|Any CPU
		{3D91DEE4-E98B-4313-8BF9-8DF0D07C0C9D}.Debug|iPhone.Build.0 = Debug|Any CPU
		{3D91DEE4-E98B-4313-8BF9-8DF0D07C0C9D}.Debug|iPhone.Deploy.0 = Debug|Any CPU
		{3D91DEE4-E98B-4313-8BF9-8DF0D07C0C9D}.Debug|iPhoneSimulator.ActiveCfg = Debug|Any CPU
		{3D91DEE4-E98B-4313-8BF9-8DF0D07C0C9D}.Debug|iPhoneSimulator.Build.0 = Debug|Any CPU
		{3D91DEE4-E98B-4313-8BF9-8DF0D07C0C9D}.Debug|iPhoneSimulator.Deploy.0 = Debug|Any CPU
		{3D91DEE4-E98B-4313-8BF9-8DF0D07C0C9D}.Debug|x64.ActiveCfg = Debug|Any CPU
		{3D91DEE4-E98B-4313-8BF9-8DF0D07C0C9D}.Debug|x64.Build.0 = Debug|Any CPU
		{3D91DEE4-E98B-4313-8BF9-8DF0D07C0C9D}.Debug|x64.Deploy.0 = Debug|Any CPU
		{3D91DEE4-E98B-4313-8BF9-8DF0D07C0C9D}.Debug|x86.ActiveCfg = Debug|Any CPU
		{3D91DEE4-E98B-4313-8BF9-8DF0D07C0C9D}.Debug|x86.Build.0 = Debug|Any CPU
		{3D91DEE4-E98B-4313-8BF9-8DF0D07C0C9D}.Debug|x86.Deploy.0 = Debug|Any CPU
		{3D91DEE4-E98B-4313-8BF9-8DF0D07C0C9D}.Release|Any CPU.ActiveCfg = Release|Any CPU
		{3D91DEE4-E98B-4313-8BF9-8DF0D07C0C9D}.Release|Any CPU.Build.0 = Release|Any CPU
		{3D91DEE4-E98B-4313-8BF9-8DF0D07C0C9D}.Release|Any CPU.Deploy.0 = Release|Any CPU
		{3D91DEE4-E98B-4313-8BF9-8DF0D07C0C9D}.Release|ARM.ActiveCfg = Release|Any CPU
		{3D91DEE4-E98B-4313-8BF9-8DF0D07C0C9D}.Release|ARM.Build.0 = Release|Any CPU
		{3D91DEE4-E98B-4313-8BF9-8DF0D07C0C9D}.Release|ARM.Deploy.0 = Release|Any CPU
		{3D91DEE4-E98B-4313-8BF9-8DF0D07C0C9D}.Release|iPhone.ActiveCfg = Release|Any CPU
		{3D91DEE4-E98B-4313-8BF9-8DF0D07C0C9D}.Release|iPhone.Build.0 = Release|Any CPU
		{3D91DEE4-E98B-4313-8BF9-8DF0D07C0C9D}.Release|iPhone.Deploy.0 = Release|Any CPU
		{3D91DEE4-E98B-4313-8BF9-8DF0D07C0C9D}.Release|iPhoneSimulator.ActiveCfg = Release|Any CPU
		{3D91DEE4-E98B-4313-8BF9-8DF0D07C0C9D}.Release|iPhoneSimulator.Build.0 = Release|Any CPU
		{3D91DEE4-E98B-4313-8BF9-8DF0D07C0C9D}.Release|iPhoneSimulator.Deploy.0 = Release|Any CPU
		{3D91DEE4-E98B-4313-8BF9-8DF0D07C0C9D}.Release|x64.ActiveCfg = Release|Any CPU
		{3D91DEE4-E98B-4313-8BF9-8DF0D07C0C9D}.Release|x64.Build.0 = Release|Any CPU
		{3D91DEE4-E98B-4313-8BF9-8DF0D07C0C9D}.Release|x64.Deploy.0 = Release|Any CPU
		{3D91DEE4-E98B-4313-8BF9-8DF0D07C0C9D}.Release|x86.ActiveCfg = Release|Any CPU
		{3D91DEE4-E98B-4313-8BF9-8DF0D07C0C9D}.Release|x86.Build.0 = Release|Any CPU
		{3D91DEE4-E98B-4313-8BF9-8DF0D07C0C9D}.Release|x86.Deploy.0 = Release|Any CPU
	EndGlobalSection
	GlobalSection(SolutionProperties) = preSolution
		HideSolutionNode = FALSE
	EndGlobalSection
	GlobalSection(ExtensibilityGlobals) = postSolution
		SolutionGuid = {AB38DDA5-3C04-4771-A055-943ED633F95E}
	EndGlobalSection
EndGlobal
